
Microsoft Visual Studio Solution File, Format Version 12.00
# Visual Studio Version 17
VisualStudioVersion = 17.6.33801.468
MinimumVisualStudioVersion = 10.0.40219.1
Project("{FAE04EC0-301F-11D3-BF4B-00C04F79EFBC}") = "CineTechForms", "CineTechForms\CineTechForms.csproj", "{A08159A9-2982-4A86-8298-A04B5FC2A054}"
EndProject
Global
	GlobalSection(SolutionConfigurationPlatforms) = preSolution
		Debug|Any CPU = Debug|Any CPU
		Release|Any CPU = Release|Any CPU
	EndGlobalSection
	GlobalSection(ProjectConfigurationPlatforms) = postSolution
		{A08159A9-2982-4A86-8298-A04B5FC2A054}.Debug|Any CPU.ActiveCfg = Debug|Any CPU
		{A08159A9-2982-4A86-8298-A04B5FC2A054}.Debug|Any CPU.Build.0 = Debug|Any CPU
		{A08159A9-2982-4A86-8298-A04B5FC2A054}.Release|Any CPU.ActiveCfg = Release|Any CPU
		{A08159A9-2982-4A86-8298-A04B5FC2A054}.Release|Any CPU.Build.0 = Release|Any CPU
	EndGlobalSection
	GlobalSection(SolutionProperties) = preSolution
		HideSolutionNode = FALSE
	EndGlobalSection
	GlobalSection(ExtensibilityGlobals) = postSolution
		SolutionGuid = {18714D28-675B-471C-A0A1-9DB0711A572E}
	EndGlobalSection
EndGlobal
