
Microsoft Visual Studio Solution File, Format Version 12.00
# Visual Studio Version 17
VisualStudioVersion = 17.6.33801.468
MinimumVisualStudioVersion = 10.0.40219.1
Project("{FAE04EC0-301F-11D3-BF4B-00C04F79EFBC}") = "CineTech", "CineTech\CineTech.csproj", "{AE974498-3B5F-4A46-9DAA-D9F4D92B43B2}"
EndProject
Global
	GlobalSection(SolutionConfigurationPlatforms) = preSolution
		Debug|Any CPU = Debug|Any CPU
		Release|Any CPU = Release|Any CPU
	EndGlobalSection
	GlobalSection(ProjectConfigurationPlatforms) = postSolution
		{AE974498-3B5F-4A46-9DAA-D9F4D92B43B2}.Debug|Any CPU.ActiveCfg = Debug|Any CPU
		{AE974498-3B5F-4A46-9DAA-D9F4D92B43B2}.Debug|Any CPU.Build.0 = Debug|Any CPU
		{AE974498-3B5F-4A46-9DAA-D9F4D92B43B2}.Release|Any CPU.ActiveCfg = Release|Any CPU
		{AE974498-3B5F-4A46-9DAA-D9F4D92B43B2}.Release|Any CPU.Build.0 = Release|Any CPU
	EndGlobalSection
	GlobalSection(SolutionProperties) = preSolution
		HideSolutionNode = FALSE
	EndGlobalSection
	GlobalSection(ExtensibilityGlobals) = postSolution
		SolutionGuid = {8531E0F3-820F-4289-A810-46A8428E9E0F}
	EndGlobalSection
EndGlobal
